
Microsoft Visual Studio Solution File, Format Version 12.00
# Visual Studio Version 16
VisualStudioVersion = 16.0.30907.101
MinimumVisualStudioVersion = 10.0.40219.1
Project("{FAE04EC0-301F-11D3-BF4B-00C04F79EFBC}") = "RailwayReservationSystem", "RailwayReservationSystem\RailwayReservationSystem.csproj", "{C1F2945A-85E8-42CA-B4C5-90957793DEBE}"
EndProject
Global
	GlobalSection(SolutionConfigurationPlatforms) = preSolution
		Debug|Any CPU = Debug|Any CPU
		Release|Any CPU = Release|Any CPU
	EndGlobalSection
	GlobalSection(ProjectConfigurationPlatforms) = postSolution
		{C1F2945A-85E8-42CA-B4C5-90957793DEBE}.Debug|Any CPU.ActiveCfg = Debug|Any CPU
		{C1F2945A-85E8-42CA-B4C5-90957793DEBE}.Debug|Any CPU.Build.0 = Debug|Any CPU
		{C1F2945A-85E8-42CA-B4C5-90957793DEBE}.Release|Any CPU.ActiveCfg = Release|Any CPU
		{C1F2945A-85E8-42CA-B4C5-90957793DEBE}.Release|Any CPU.Build.0 = Release|Any CPU
	EndGlobalSection
	GlobalSection(SolutionProperties) = preSolution
		HideSolutionNode = FALSE
	EndGlobalSection
	GlobalSection(ExtensibilityGlobals) = postSolution
		SolutionGuid = {F0AD8764-4A5D-4A1E-9465-32F3E562C5DF}
	EndGlobalSection
EndGlobal
